
Microsoft Visual Studio Solution File, Format Version 12.00
# Visual Studio Version 16
VisualStudioVersion = 16.0.31005.135
MinimumVisualStudioVersion = 10.0.40219.1
Project("{FAE04EC0-301F-11D3-BF4B-00C04F79EFBC}") = "AnimalCrossingNewHorizons", "AnimalCrossingNewHorizons\AnimalCrossingNewHorizons.csproj", "{A3126F90-0862-4AC4-B0A4-D8EB999F9514}"
EndProject
Global
	GlobalSection(SolutionConfigurationPlatforms) = preSolution
		Debug|Any CPU = Debug|Any CPU
		Release|Any CPU = Release|Any CPU
	EndGlobalSection
	GlobalSection(ProjectConfigurationPlatforms) = postSolution
		{A3126F90-0862-4AC4-B0A4-D8EB999F9514}.Debug|Any CPU.ActiveCfg = Debug|Any CPU
		{A3126F90-0862-4AC4-B0A4-D8EB999F9514}.Debug|Any CPU.Build.0 = Debug|Any CPU
		{A3126F90-0862-4AC4-B0A4-D8EB999F9514}.Release|Any CPU.ActiveCfg = Release|Any CPU
		{A3126F90-0862-4AC4-B0A4-D8EB999F9514}.Release|Any CPU.Build.0 = Release|Any CPU
	EndGlobalSection
	GlobalSection(SolutionProperties) = preSolution
		HideSolutionNode = FALSE
	EndGlobalSection
	GlobalSection(ExtensibilityGlobals) = postSolution
		SolutionGuid = {4AEF7B28-8494-4578-A2D5-D83A1831FB98}
	EndGlobalSection
EndGlobal
